
Microsoft Visual Studio Solution File, Format Version 12.00
# Visual Studio Version 17
VisualStudioVersion = 17.5.002.0
MinimumVisualStudioVersion = 10.0.40219.1
Project("{9A19103F-16F7-4668-BE54-9A1E7A4F7556}") = "AmazonBooksProject", "AmazonBooksProject\AmazonBooksProject.csproj", "{42FD94E3-6B7B-4B98-A456-0E7CCDA24E11}"
EndProject
Project("{9A19103F-16F7-4668-BE54-9A1E7A4F7556}") = "app", "firstapp\app.csproj", "{1A65BDEF-BEEE-4684-A598-4F453185DB69}"
EndProject
Global
	GlobalSection(SolutionConfigurationPlatforms) = preSolution
		Debug|Any CPU = Debug|Any CPU
		Release|Any CPU = Release|Any CPU
	EndGlobalSection
	GlobalSection(ProjectConfigurationPlatforms) = postSolution
		{42FD94E3-6B7B-4B98-A456-0E7CCDA24E11}.Debug|Any CPU.ActiveCfg = Debug|Any CPU
		{42FD94E3-6B7B-4B98-A456-0E7CCDA24E11}.Debug|Any CPU.Build.0 = Debug|Any CPU
		{42FD94E3-6B7B-4B98-A456-0E7CCDA24E11}.Release|Any CPU.ActiveCfg = Release|Any CPU
		{42FD94E3-6B7B-4B98-A456-0E7CCDA24E11}.Release|Any CPU.Build.0 = Release|Any CPU
		{1A65BDEF-BEEE-4684-A598-4F453185DB69}.Debug|Any CPU.ActiveCfg = Debug|Any CPU
		{1A65BDEF-BEEE-4684-A598-4F453185DB69}.Debug|Any CPU.Build.0 = Debug|Any CPU
		{1A65BDEF-BEEE-4684-A598-4F453185DB69}.Release|Any CPU.ActiveCfg = Release|Any CPU
		{1A65BDEF-BEEE-4684-A598-4F453185DB69}.Release|Any CPU.Build.0 = Release|Any CPU
	EndGlobalSection
	GlobalSection(SolutionProperties) = preSolution
		HideSolutionNode = FALSE
	EndGlobalSection
	GlobalSection(ExtensibilityGlobals) = postSolution
		SolutionGuid = {0CFA53D2-FB82-4D47-B86C-B53D7F9C1901}
	EndGlobalSection
EndGlobal
